
Microsoft Visual Studio Solution File, Format Version 12.00
# Visual Studio 15
VisualStudioVersion = 15.0.28307.1062
MinimumVisualStudioVersion = 10.0.40219.1
Project("{FAE04EC0-301F-11D3-BF4B-00C04F79EFBC}") = "HelloWorld", "HelloWorld\HelloWorld.csproj", "{F07D87C3-E52C-4B9A-94D0-344277130BCE}"
EndProject
Project("{FAE04EC0-301F-11D3-BF4B-00C04F79EFBC}") = "NUnitTestProject", "NUnitTestProject\NUnitTestProject.csproj", "{C7F38A85-C887-44AC-B88A-A46ED2205DD3}"
EndProject
Global
	GlobalSection(SolutionConfigurationPlatforms) = preSolution
		Debug|Any CPU = Debug|Any CPU
		Release|Any CPU = Release|Any CPU
	EndGlobalSection
	GlobalSection(ProjectConfigurationPlatforms) = postSolution
		{F07D87C3-E52C-4B9A-94D0-344277130BCE}.Debug|Any CPU.ActiveCfg = Debug|Any CPU
		{F07D87C3-E52C-4B9A-94D0-344277130BCE}.Debug|Any CPU.Build.0 = Debug|Any CPU
		{F07D87C3-E52C-4B9A-94D0-344277130BCE}.Release|Any CPU.ActiveCfg = Release|Any CPU
		{F07D87C3-E52C-4B9A-94D0-344277130BCE}.Release|Any CPU.Build.0 = Release|Any CPU
		{C7F38A85-C887-44AC-B88A-A46ED2205DD3}.Debug|Any CPU.ActiveCfg = Debug|Any CPU
		{C7F38A85-C887-44AC-B88A-A46ED2205DD3}.Debug|Any CPU.Build.0 = Debug|Any CPU
		{C7F38A85-C887-44AC-B88A-A46ED2205DD3}.Release|Any CPU.ActiveCfg = Release|Any CPU
		{C7F38A85-C887-44AC-B88A-A46ED2205DD3}.Release|Any CPU.Build.0 = Release|Any CPU
	EndGlobalSection
	GlobalSection(SolutionProperties) = preSolution
		HideSolutionNode = FALSE
	EndGlobalSection
	GlobalSection(ExtensibilityGlobals) = postSolution
		SolutionGuid = {4F1CC86C-3DA3-4A73-9571-8C858FCF7903}
	EndGlobalSection
EndGlobal
